
Microsoft Visual Studio Solution File, Format Version 12.00
# Visual Studio Version 17
VisualStudioVersion = 17.5.002.0
MinimumVisualStudioVersion = 10.0.40219.1
Project("{9A19103F-16F7-4668-BE54-9A1E7A4F7556}") = "Stopwatch", "Stopwatch.csproj", "{CA8B9565-6C93-48BE-925D-B107EA3E2CB4}"
EndProject
Global
	GlobalSection(SolutionConfigurationPlatforms) = preSolution
		Debug|Any CPU = Debug|Any CPU
		Release|Any CPU = Release|Any CPU
	EndGlobalSection
	GlobalSection(ProjectConfigurationPlatforms) = postSolution
		{CA8B9565-6C93-48BE-925D-B107EA3E2CB4}.Debug|Any CPU.ActiveCfg = Debug|Any CPU
		{CA8B9565-6C93-48BE-925D-B107EA3E2CB4}.Debug|Any CPU.Build.0 = Debug|Any CPU
		{CA8B9565-6C93-48BE-925D-B107EA3E2CB4}.Release|Any CPU.ActiveCfg = Release|Any CPU
		{CA8B9565-6C93-48BE-925D-B107EA3E2CB4}.Release|Any CPU.Build.0 = Release|Any CPU
	EndGlobalSection
	GlobalSection(SolutionProperties) = preSolution
		HideSolutionNode = FALSE
	EndGlobalSection
	GlobalSection(ExtensibilityGlobals) = postSolution
		SolutionGuid = {2F0C594D-9B55-411C-8FE6-82F1FBFB9FE0}
	EndGlobalSection
EndGlobal
